{
  "name": "server",
  "version": "1.0.0",
  "lockfileVersion": 3,
  "requires": true,
  "packages": {
    "": {
      "name": "server",
      "version": "1.0.0",
      "license": "ISC",
      "dependencies": {
        "@activeadmin/activeadmin": "^3.4.0"
      }
    },
    "node_modules/@activeadmin/activeadmin": {
      "version": "3.4.0",
      "resolved": "https://registry.npmjs.org/@activeadmin/activeadmin/-/activeadmin-3.4.0.tgz",
      "integrity": "sha512-ItAaWA5yhznJldmJpBJHm56eudtLIW4fRAowmxza91pJeqiWwz1UUEgN35OZLvozLk1AW1QtfuAiGdWGwUFEaA==",
      "license": "MIT",
      "dependencies": {
        "jquery": "^3.4.1",
        "jquery-ui": "^1.13.3",
        "jquery-ujs": "^1.2.2"
      }
    },
    "node_modules/jquery": {
      "version": "3.7.1",
      "resolved": "https://registry.npmjs.org/jquery/-/jquery-3.7.1.tgz",
      "integrity": "sha512-m4avr8yL8kmFN8psrbFFFmB/If14iN5o9nw/NgnnM+kybDJpRsAynV2BsfpTYrTRysYUdADVD7CkUUizgkpLfg==",
      "license": "MIT",
      "peer": true
    },
    "node_modules/jquery-ui": {
      "version": "1.14.2",
      "resolved": "https://registry.npmjs.org/jquery-ui/-/jquery-ui-1.14.2.tgz",
      "integrity": "sha512-1gSl7PUjyipa2adSr780Ujk16faicrV7PjPPzPtvWk7tTqBnsqp67NNV9jZK2+BIxUPXWSnIUU/LBCgwgGZE+Q==",
      "license": "MIT",
      "dependencies": {
        "jquery": ">=1.12.0 <5.0.0"
      }
    },
    "node_modules/jquery-ujs": {
      "version": "1.2.3",
      "resolved": "https://registry.npmjs.org/jquery-ujs/-/jquery-ujs-1.2.3.tgz",
      "integrity": "sha512-59wvfx5vcCTHMeQT1/OwFiAj+UffLIwjRIoXdpO7Z7BCFGepzq9T9oLVeoItjTqjoXfUrHJvV7QU6pUR+UzOoA==",
      "license": "MIT",
      "peerDependencies": {
        "jquery": ">=1.8.0"
      }
    }
  }
}
